{
    "_readme": [
        "This file locks the dependencies of your project to a known state",
        "Read more about it at https://getcomposer.org/doc/01-basic-usage.md#installing-dependencies",
        "This file is @generated automatically"
    ],
    "content-hash": "dc8aa7308a8e7c33f9228a71657d056b",
    "packages": [
        {
            "name": "freemius/wordpress-sdk",
            "version": "2.11.0",
            "dist": {
                "type": "zip",
                "url": "/tmp/wordpress-sdk-2.11.0.zip"
            },
            "type": "library"
        }
    ],
    "packages-dev": [],
    "aliases": [],
    "minimum-stability": "dev",
    "stability-flags": {},
    "prefer-stable": false,
    "prefer-lowest": false,
    "platform": {
        "php": ">=7.4"
    },
    "platform-dev": {},
    "plugin-api-version": "2.6.0"
}
